// !$*UTF8*$!
{
	archiveVersion = 1;
	classes = {
	};
	objectVersion = 56;
	objects = {

/* Begin PBXBuildFile section */
		E22BEDCF2C34A2200061C4D2 /* GameBoyCPU.swift in Sources */ = {isa = PBXBuildFile; fileRef = E22BEDCE2C34A2200061C4D2 /* GameBoyCPU.swift */; };
		E22BEDD32C34BFA10061C4D2 /* GameBoyMemory.swift in Sources */ = {isa = PBXBuildFile; fileRef = E22BEDD22C34BFA10061C4D2 /* GameBoyMemory.swift */; };
		E22BEDD52C34C7090061C4D2 /* GameBoyPPU.swift in Sources */ = {isa = PBXBuildFile; fileRef = E22BEDD42C34C7090061C4D2 /* GameBoyPPU.swift */; };
		E22BEDD72C34CAAB0061C4D2 /* GameBoyJoypad.swift in Sources */ = {isa = PBXBuildFile; fileRef = E22BEDD62C34CAAB0061C4D2 /* GameBoyJoypad.swift */; };
		E22BEDDA2C354DBA0061C4D2 /* KeyboardJoypad.swift in Sources */ = {isa = PBXBuildFile; fileRef = E22BEDD92C354DBA0061C4D2 /* KeyboardJoypad.swift */; };
		E22BEDDD2C3C16C40061C4D2 /* CPUInstruction.swift in Sources */ = {isa = PBXBuildFile; fileRef = E22BEDDC2C3C16C40061C4D2 /* CPUInstruction.swift */; };
		E2443A9C2C3CA5DB00113A62 /* GameBoy.swift in Sources */ = {isa = PBXBuildFile; fileRef = E2443A9B2C3CA5DB00113A62 /* GameBoy.swift */; };
		E2443AA02C3CAB8B00113A62 /* Pokemon Red Version.gb in Resources */ = {isa = PBXBuildFile; fileRef = E2443A9F2C3CAB8B00113A62 /* Pokemon Red Version.gb */; };
		E2443AA32C3D3B9100113A62 /* CPUInstruction+CustomDebugStringConvertible.swift in Sources */ = {isa = PBXBuildFile; fileRef = E2443AA22C3D3B9100113A62 /* CPUInstruction+CustomDebugStringConvertible.swift */; };
		E2674EAA2C281FA500EE0206 /* GameBoyEmuApp.swift in Sources */ = {isa = PBXBuildFile; fileRef = E2674EA92C281FA500EE0206 /* GameBoyEmuApp.swift */; };
		E2674EAC2C281FA500EE0206 /* ContentView.swift in Sources */ = {isa = PBXBuildFile; fileRef = E2674EAB2C281FA500EE0206 /* ContentView.swift */; };
		E2674EB02C281FA600EE0206 /* Assets.xcassets in Resources */ = {isa = PBXBuildFile; fileRef = E2674EAF2C281FA600EE0206 /* Assets.xcassets */; };
		E2674EB42C281FA600EE0206 /* Preview Assets.xcassets in Resources */ = {isa = PBXBuildFile; fileRef = E2674EB32C281FA600EE0206 /* Preview Assets.xcassets */; };
/* End PBXBuildFile section */

/* Begin PBXFileReference section */
		E22BEDCE2C34A2200061C4D2 /* GameBoyCPU.swift */ = {isa = PBXFileReference; lastKnownFileType = sourcecode.swift; path = GameBoyCPU.swift; sourceTree = "<group>"; };
		E22BEDD22C34BFA10061C4D2 /* GameBoyMemory.swift */ = {isa = PBXFileReference; lastKnownFileType = sourcecode.swift; path = GameBoyMemory.swift; sourceTree = "<group>"; };
		E22BEDD42C34C7090061C4D2 /* GameBoyPPU.swift */ = {isa = PBXFileReference; lastKnownFileType = sourcecode.swift; path = GameBoyPPU.swift; sourceTree = "<group>"; };
		E22BEDD62C34CAAB0061C4D2 /* GameBoyJoypad.swift */ = {isa = PBXFileReference; lastKnownFileType = sourcecode.swift; path = GameBoyJoypad.swift; sourceTree = "<group>"; };
		E22BEDD92C354DBA0061C4D2 /* KeyboardJoypad.swift */ = {isa = PBXFileReference; lastKnownFileType = sourcecode.swift; path = KeyboardJoypad.swift; sourceTree = "<group>"; };
		E22BEDDC2C3C16C40061C4D2 /* CPUInstruction.swift */ = {isa = PBXFileReference; lastKnownFileType = sourcecode.swift; path = CPUInstruction.swift; sourceTree = "<group>"; };
		E2443A9B2C3CA5DB00113A62 /* GameBoy.swift */ = {isa = PBXFileReference; lastKnownFileType = sourcecode.swift; path = GameBoy.swift; sourceTree = "<group>"; };
		E2443A9F2C3CAB8B00113A62 /* Pokemon Red Version.gb */ = {isa = PBXFileReference; lastKnownFileType = file; path = "Pokemon Red Version.gb"; sourceTree = "<group>"; };
		E2443AA22C3D3B9100113A62 /* CPUInstruction+CustomDebugStringConvertible.swift */ = {isa = PBXFileReference; lastKnownFileType = sourcecode.swift; path = "CPUInstruction+CustomDebugStringConvertible.swift"; sourceTree = "<group>"; };
		E2674EA62C281FA500EE0206 /* GameBoyEmu.app */ = {isa = PBXFileReference; explicitFileType = wrapper.application; includeInIndex = 0; path = GameBoyEmu.app; sourceTree = BUILT_PRODUCTS_DIR; };
		E2674EA92C281FA500EE0206 /* GameBoyEmuApp.swift */ = {isa = PBXFileReference; lastKnownFileType = sourcecode.swift; path = GameBoyEmuApp.swift; sourceTree = "<group>"; };
		E2674EAB2C281FA500EE0206 /* ContentView.swift */ = {isa = PBXFileReference; lastKnownFileType = sourcecode.swift; path = ContentView.swift; sourceTree = "<group>"; };
		E2674EAF2C281FA600EE0206 /* Assets.xcassets */ = {isa = PBXFileReference; lastKnownFileType = folder.assetcatalog; path = Assets.xcassets; sourceTree = "<group>"; };
		E2674EB12C281FA600EE0206 /* GameBoyEmu.entitlements */ = {isa = PBXFileReference; lastKnownFileType = text.plist.entitlements; path = GameBoyEmu.entitlements; sourceTree = "<group>"; };
		E2674EB32C281FA600EE0206 /* Preview Assets.xcassets */ = {isa = PBXFileReference; lastKnownFileType = folder.assetcatalog; path = "Preview Assets.xcassets"; sourceTree = "<group>"; };
/* End PBXFileReference section */

/* Begin PBXFrameworksBuildPhase section */
		E2674EA32C281FA500EE0206 /* Frameworks */ = {
			isa = PBXFrameworksBuildPhase;
			buildActionMask = 2147483647;
			files = (
			);
			runOnlyForDeploymentPostprocessing = 0;
		};
/* End PBXFrameworksBuildPhase section */

/* Begin PBXGroup section */
		E22BEDCD2C34A1D00061C4D2 /* Hardware */ = {
			isa = PBXGroup;
			children = (
				E22BEDD82C354DAE0061C4D2 /* Joypad */,
				E22BEDDB2C3C16BB0061C4D2 /* CPU */,
				E22BEDD42C34C7090061C4D2 /* GameBoyPPU.swift */,
				E22BEDD22C34BFA10061C4D2 /* GameBoyMemory.swift */,
				E2443A9B2C3CA5DB00113A62 /* GameBoy.swift */,
			);
			path = Hardware;
			sourceTree = "<group>";
		};
		E22BEDD82C354DAE0061C4D2 /* Joypad */ = {
			isa = PBXGroup;
			children = (
				E22BEDD62C34CAAB0061C4D2 /* GameBoyJoypad.swift */,
				E22BEDD92C354DBA0061C4D2 /* KeyboardJoypad.swift */,
			);
			path = Joypad;
			sourceTree = "<group>";
		};
		E22BEDDB2C3C16BB0061C4D2 /* CPU */ = {
			isa = PBXGroup;
			children = (
				E22BEDDC2C3C16C40061C4D2 /* CPUInstruction.swift */,
				E2443AA22C3D3B9100113A62 /* CPUInstruction+CustomDebugStringConvertible.swift */,
				E22BEDCE2C34A2200061C4D2 /* GameBoyCPU.swift */,
			);
			path = CPU;
			sourceTree = "<group>";
		};
		E2443AA12C3CAB9300113A62 /* Views */ = {
			isa = PBXGroup;
			children = (
				E2674EA92C281FA500EE0206 /* GameBoyEmuApp.swift */,
				E2674EAB2C281FA500EE0206 /* ContentView.swift */,
			);
			path = Views;
			sourceTree = "<group>";
		};
		E2674E9D2C281FA500EE0206 = {
			isa = PBXGroup;
			children = (
				E2674EA82C281FA500EE0206 /* GameBoyEmu */,
				E2674EA72C281FA500EE0206 /* Products */,
			);
			sourceTree = "<group>";
		};
		E2674EA72C281FA500EE0206 /* Products */ = {
			isa = PBXGroup;
			children = (
				E2674EA62C281FA500EE0206 /* GameBoyEmu.app */,
			);
			name = Products;
			sourceTree = "<group>";
		};
		E2674EA82C281FA500EE0206 /* GameBoyEmu */ = {
			isa = PBXGroup;
			children = (
				E2443AA12C3CAB9300113A62 /* Views */,
				E22BEDCD2C34A1D00061C4D2 /* Hardware */,
				E2443A9F2C3CAB8B00113A62 /* Pokemon Red Version.gb */,
				E2674EAF2C281FA600EE0206 /* Assets.xcassets */,
				E2674EB12C281FA600EE0206 /* GameBoyEmu.entitlements */,
				E2674EB22C281FA600EE0206 /* Preview Content */,
			);
			path = GameBoyEmu;
			sourceTree = "<group>";
		};
		E2674EB22C281FA600EE0206 /* Preview Content */ = {
			isa = PBXGroup;
			children = (
				E2674EB32C281FA600EE0206 /* Preview Assets.xcassets */,
			);
			path = "Preview Content";
			sourceTree = "<group>";
		};
/* End PBXGroup section */

/* Begin PBXNativeTarget section */
		E2674EA52C281FA500EE0206 /* GameBoyEmu */ = {
			isa = PBXNativeTarget;
			buildConfigurationList = E2674EB72C281FA600EE0206 /* Build configuration list for PBXNativeTarget "GameBoyEmu" */;
			buildPhases = (
				E2674EA22C281FA500EE0206 /* Sources */,
				E2674EA32C281FA500EE0206 /* Frameworks */,
				E2674EA42C281FA500EE0206 /* Resources */,
			);
			buildRules = (
			);
			dependencies = (
			);
			name = GameBoyEmu;
			productName = GameBoyEmu;
			productReference = E2674EA62C281FA500EE0206 /* GameBoyEmu.app */;
			productType = "com.apple.product-type.application";
		};
/* End PBXNativeTarget section */

/* Begin PBXProject section */
		E2674E9E2C281FA500EE0206 /* Project object */ = {
			isa = PBXProject;
			attributes = {
				BuildIndependentTargetsInParallel = 1;
				LastSwiftUpdateCheck = 1530;
				LastUpgradeCheck = 1530;
				TargetAttributes = {
					E2674EA52C281FA500EE0206 = {
						CreatedOnToolsVersion = 15.3;
					};
				};
			};
			buildConfigurationList = E2674EA12C281FA500EE0206 /* Build configuration list for PBXProject "GameBoyEmu" */;
			compatibilityVersion = "Xcode 14.0";
			developmentRegion = en;
			hasScannedForEncodings = 0;
			knownRegions = (
				en,
				Base,
			);
			mainGroup = E2674E9D2C281FA500EE0206;
			productRefGroup = E2674EA72C281FA500EE0206 /* Products */;
			projectDirPath = "";
			projectRoot = "";
			targets = (
				E2674EA52C281FA500EE0206 /* GameBoyEmu */,
			);
		};
/* End PBXProject section */

/* Begin PBXResourcesBuildPhase section */
		E2674EA42C281FA500EE0206 /* Resources */ = {
			isa = PBXResourcesBuildPhase;
			buildActionMask = 2147483647;
			files = (
				E2443AA02C3CAB8B00113A62 /* Pokemon Red Version.gb in Resources */,
				E2674EB42C281FA600EE0206 /* Preview Assets.xcassets in Resources */,
				E2674EB02C281FA600EE0206 /* Assets.xcassets in Resources */,
			);
			runOnlyForDeploymentPostprocessing = 0;
		};
/* End PBXResourcesBuildPhase section */

/* Begin PBXSourcesBuildPhase section */
		E2674EA22C281FA500EE0206 /* Sources */ = {
			isa = PBXSourcesBuildPhase;
			buildActionMask = 2147483647;
			files = (
				E22BEDD72C34CAAB0061C4D2 /* GameBoyJoypad.swift in Sources */,
				E2443A9C2C3CA5DB00113A62 /* GameBoy.swift in Sources */,
				E22BEDDD2C3C16C40061C4D2 /* CPUInstruction.swift in Sources */,
				E22BEDD52C34C7090061C4D2 /* GameBoyPPU.swift in Sources */,
				E22BEDDA2C354DBA0061C4D2 /* KeyboardJoypad.swift in Sources */,
				E2443AA32C3D3B9100113A62 /* CPUInstruction+CustomDebugStringConvertible.swift in Sources */,
				E2674EAC2C281FA500EE0206 /* ContentView.swift in Sources */,
				E22BEDCF2C34A2200061C4D2 /* GameBoyCPU.swift in Sources */,
				E2674EAA2C281FA500EE0206 /* GameBoyEmuApp.swift in Sources */,
				E22BEDD32C34BFA10061C4D2 /* GameBoyMemory.swift in Sources */,
			);
			runOnlyForDeploymentPostprocessing = 0;
		};
/* End PBXSourcesBuildPhase section */

/* Begin XCBuildConfiguration section */
		E2674EB52C281FA600EE0206 /* Debug */ = {
			isa = XCBuildConfiguration;
			buildSettings = {
				ALWAYS_SEARCH_USER_PATHS = NO;
				ASSETCATALOG_COMPILER_GENERATE_SWIFT_ASSET_SYMBOL_EXTENSIONS = YES;
				CLANG_ANALYZER_NONNULL = YES;
				CLANG_ANALYZER_NUMBER_OBJECT_CONVERSION = YES_AGGRESSIVE;
				CLANG_CXX_LANGUAGE_STANDARD = "gnu++20";
				CLANG_ENABLE_MODULES = YES;
				CLANG_ENABLE_OBJC_ARC = YES;
				CLANG_ENABLE_OBJC_WEAK = YES;
				CLANG_WARN_BLOCK_CAPTURE_AUTORELEASING = YES;
				CLANG_WARN_BOOL_CONVERSION = YES;
				CLANG_WARN_COMMA = YES;
				CLANG_WARN_CONSTANT_CONVERSION = YES;
				CLANG_WARN_DEPRECATED_OBJC_IMPLEMENTATIONS = YES;
				CLANG_WARN_DIRECT_OBJC_ISA_USAGE = YES_ERROR;
				CLANG_WARN_DOCUMENTATION_COMMENTS = YES;
				CLANG_WARN_EMPTY_BODY = YES;
				CLANG_WARN_ENUM_CONVERSION = YES;
				CLANG_WARN_INFINITE_RECURSION = YES;
				CLANG_WARN_INT_CONVERSION = YES;
				CLANG_WARN_NON_LITERAL_NULL_CONVERSION = YES;
				CLANG_WARN_OBJC_IMPLICIT_RETAIN_SELF = YES;
				CLANG_WARN_OBJC_LITERAL_CONVERSION = YES;
				CLANG_WARN_OBJC_ROOT_CLASS = YES_ERROR;
				CLANG_WARN_QUOTED_INCLUDE_IN_FRAMEWORK_HEADER = YES;
				CLANG_WARN_RANGE_LOOP_ANALYSIS = YES;
				CLANG_WARN_STRICT_PROTOTYPES = YES;
				CLANG_WARN_SUSPICIOUS_MOVE = YES;
				CLANG_WARN_UNGUARDED_AVAILABILITY = YES_AGGRESSIVE;
				CLANG_WARN_UNREACHABLE_CODE = YES;
				CLANG_WARN__DUPLICATE_METHOD_MATCH = YES;
				COPY_PHASE_STRIP = NO;
				DEBUG_INFORMATION_FORMAT = dwarf;
				ENABLE_STRICT_OBJC_MSGSEND = YES;
				ENABLE_TESTABILITY = YES;
				ENABLE_USER_SCRIPT_SANDBOXING = YES;
				GCC_C_LANGUAGE_STANDARD = gnu17;
				GCC_DYNAMIC_NO_PIC = NO;
				GCC_NO_COMMON_BLOCKS = YES;
				GCC_OPTIMIZATION_LEVEL = 0;
				GCC_PREPROCESSOR_DEFINITIONS = (
					"DEBUG=1",
					"$(inherited)",
				);
				GCC_WARN_64_TO_32_BIT_CONVERSION = YES;
				GCC_WARN_ABOUT_RETURN_TYPE = YES_ERROR;
				GCC_WARN_UNDECLARED_SELECTOR = YES;
				GCC_WARN_UNINITIALIZED_AUTOS = YES_AGGRESSIVE;
				GCC_WARN_UNUSED_FUNCTION = YES;
				GCC_WARN_UNUSED_VARIABLE = YES;
				LOCALIZATION_PREFERS_STRING_CATALOGS = YES;
				MTL_ENABLE_DEBUG_INFO = INCLUDE_SOURCE;
				MTL_FAST_MATH = YES;
				ONLY_ACTIVE_ARCH = YES;
				SWIFT_ACTIVE_COMPILATION_CONDITIONS = "DEBUG $(inherited)";
				SWIFT_OPTIMIZATION_LEVEL = "-Onone";
			};
			name = Debug;
		};
		E2674EB62C281FA600EE0206 /* Release */ = {
			isa = XCBuildConfiguration;
			buildSettings = {
				ALWAYS_SEARCH_USER_PATHS = NO;
				ASSETCATALOG_COMPILER_GENERATE_SWIFT_ASSET_SYMBOL_EXTENSIONS = YES;
				CLANG_ANALYZER_NONNULL = YES;
				CLANG_ANALYZER_NUMBER_OBJECT_CONVERSION = YES_AGGRESSIVE;
				CLANG_CXX_LANGUAGE_STANDARD = "gnu++20";
				CLANG_ENABLE_MODULES = YES;
				CLANG_ENABLE_OBJC_ARC = YES;
				CLANG_ENABLE_OBJC_WEAK = YES;
				CLANG_WARN_BLOCK_CAPTURE_AUTORELEASING = YES;
				CLANG_WARN_BOOL_CONVERSION = YES;
				CLANG_WARN_COMMA = YES;
				CLANG_WARN_CONSTANT_CONVERSION = YES;
				CLANG_WARN_DEPRECATED_OBJC_IMPLEMENTATIONS = YES;
				CLANG_WARN_DIRECT_OBJC_ISA_USAGE = YES_ERROR;
				CLANG_WARN_DOCUMENTATION_COMMENTS = YES;
				CLANG_WARN_EMPTY_BODY = YES;
				CLANG_WARN_ENUM_CONVERSION = YES;
				CLANG_WARN_INFINITE_RECURSION = YES;
				CLANG_WARN_INT_CONVERSION = YES;
				CLANG_WARN_NON_LITERAL_NULL_CONVERSION = YES;
				CLANG_WARN_OBJC_IMPLICIT_RETAIN_SELF = YES;
				CLANG_WARN_OBJC_LITERAL_CONVERSION = YES;
				CLANG_WARN_OBJC_ROOT_CLASS = YES_ERROR;
				CLANG_WARN_QUOTED_INCLUDE_IN_FRAMEWORK_HEADER = YES;
				CLANG_WARN_RANGE_LOOP_ANALYSIS = YES;
				CLANG_WARN_STRICT_PROTOTYPES = YES;
				CLANG_WARN_SUSPICIOUS_MOVE = YES;
				CLANG_WARN_UNGUARDED_AVAILABILITY = YES_AGGRESSIVE;
				CLANG_WARN_UNREACHABLE_CODE = YES;
				CLANG_WARN__DUPLICATE_METHOD_MATCH = YES;
				COPY_PHASE_STRIP = NO;
				DEBUG_INFORMATION_FORMAT = "dwarf-with-dsym";
				ENABLE_NS_ASSERTIONS = NO;
				ENABLE_STRICT_OBJC_MSGSEND = YES;
				ENABLE_USER_SCRIPT_SANDBOXING = YES;
				GCC_C_LANGUAGE_STANDARD = gnu17;
				GCC_NO_COMMON_BLOCKS = YES;
				GCC_WARN_64_TO_32_BIT_CONVERSION = YES;
				GCC_WARN_ABOUT_RETURN_TYPE = YES_ERROR;
				GCC_WARN_UNDECLARED_SELECTOR = YES;
				GCC_WARN_UNINITIALIZED_AUTOS = YES_AGGRESSIVE;
				GCC_WARN_UNUSED_FUNCTION = YES;
				GCC_WARN_UNUSED_VARIABLE = YES;
				LOCALIZATION_PREFERS_STRING_CATALOGS = YES;
				MTL_ENABLE_DEBUG_INFO = NO;
				MTL_FAST_MATH = YES;
				SWIFT_COMPILATION_MODE = wholemodule;
			};
			name = Release;
		};
		E2674EB82C281FA600EE0206 /* Debug */ = {
			isa = XCBuildConfiguration;
			buildSettings = {
				ASSETCATALOG_COMPILER_APPICON_NAME = AppIcon;
				ASSETCATALOG_COMPILER_GLOBAL_ACCENT_COLOR_NAME = AccentColor;
				CODE_SIGN_ENTITLEMENTS = GameBoyEmu/GameBoyEmu.entitlements;
				"CODE_SIGN_IDENTITY[sdk=macosx*]" = "Apple Development";
				CODE_SIGN_STYLE = Automatic;
				CURRENT_PROJECT_VERSION = 1;
				DEVELOPMENT_ASSET_PATHS = "\"GameBoyEmu/Preview Content\"";
				DEVELOPMENT_TEAM = FE6WMDZ3AJ;
				ENABLE_HARDENED_RUNTIME = YES;
				ENABLE_PREVIEWS = YES;
				GENERATE_INFOPLIST_FILE = YES;
				INFOPLIST_KEY_CFBundleDisplayName = "Game Boy Emu";
				INFOPLIST_KEY_LSApplicationCategoryType = "public.app-category.games";
				"INFOPLIST_KEY_UIApplicationSceneManifest_Generation[sdk=iphoneos*]" = YES;
				"INFOPLIST_KEY_UIApplicationSceneManifest_Generation[sdk=iphonesimulator*]" = YES;
				"INFOPLIST_KEY_UIApplicationSupportsIndirectInputEvents[sdk=iphoneos*]" = YES;
				"INFOPLIST_KEY_UIApplicationSupportsIndirectInputEvents[sdk=iphonesimulator*]" = YES;
				"INFOPLIST_KEY_UILaunchScreen_Generation[sdk=iphoneos*]" = YES;
				"INFOPLIST_KEY_UILaunchScreen_Generation[sdk=iphonesimulator*]" = YES;
				"INFOPLIST_KEY_UIStatusBarStyle[sdk=iphoneos*]" = UIStatusBarStyleDefault;
				"INFOPLIST_KEY_UIStatusBarStyle[sdk=iphonesimulator*]" = UIStatusBarStyleDefault;
				INFOPLIST_KEY_UISupportedInterfaceOrientations_iPad = "UIInterfaceOrientationPortrait UIInterfaceOrientationPortraitUpsideDown UIInterfaceOrientationLandscapeLeft UIInterfaceOrientationLandscapeRight";
				INFOPLIST_KEY_UISupportedInterfaceOrientations_iPhone = "UIInterfaceOrientationPortrait UIInterfaceOrientationLandscapeLeft UIInterfaceOrientationLandscapeRight";
				IPHONEOS_DEPLOYMENT_TARGET = 17.0;
				LD_RUNPATH_SEARCH_PATHS = "@executable_path/Frameworks";
				"LD_RUNPATH_SEARCH_PATHS[sdk=macosx*]" = "@executable_path/../Frameworks";
				MACOSX_DEPLOYMENT_TARGET = 14.0;
				MARKETING_VERSION = 1.0;
				PRODUCT_BUNDLE_IDENTIFIER = no.tonisucic.GameBoyEmu;
				PRODUCT_NAME = "$(TARGET_NAME)";
				SDKROOT = auto;
				SUPPORTED_PLATFORMS = "iphoneos iphonesimulator macosx";
				SWIFT_EMIT_LOC_STRINGS = YES;
				SWIFT_VERSION = 5.0;
				TARGETED_DEVICE_FAMILY = "1,2";
			};
			name = Debug;
		};
		E2674EB92C281FA600EE0206 /* Release */ = {
			isa = XCBuildConfiguration;
			buildSettings = {
				ASSETCATALOG_COMPILER_APPICON_NAME = AppIcon;
				ASSETCATALOG_COMPILER_GLOBAL_ACCENT_COLOR_NAME = AccentColor;
				CODE_SIGN_ENTITLEMENTS = GameBoyEmu/GameBoyEmu.entitlements;
				"CODE_SIGN_IDENTITY[sdk=macosx*]" = "Apple Development";
				CODE_SIGN_STYLE = Automatic;
				CURRENT_PROJECT_VERSION = 1;
				DEVELOPMENT_ASSET_PATHS = "\"GameBoyEmu/Preview Content\"";
				DEVELOPMENT_TEAM = FE6WMDZ3AJ;
				ENABLE_HARDENED_RUNTIME = YES;
				ENABLE_PREVIEWS = YES;
				GENERATE_INFOPLIST_FILE = YES;
				INFOPLIST_KEY_CFBundleDisplayName = "Game Boy Emu";
				INFOPLIST_KEY_LSApplicationCategoryType = "public.app-category.games";
				"INFOPLIST_KEY_UIApplicationSceneManifest_Generation[sdk=iphoneos*]" = YES;
				"INFOPLIST_KEY_UIApplicationSceneManifest_Generation[sdk=iphonesimulator*]" = YES;
				"INFOPLIST_KEY_UIApplicationSupportsIndirectInputEvents[sdk=iphoneos*]" = YES;
				"INFOPLIST_KEY_UIApplicationSupportsIndirectInputEvents[sdk=iphonesimulator*]" = YES;
				"INFOPLIST_KEY_UILaunchScreen_Generation[sdk=iphoneos*]" = YES;
				"INFOPLIST_KEY_UILaunchScreen_Generation[sdk=iphonesimulator*]" = YES;
				"INFOPLIST_KEY_UIStatusBarStyle[sdk=iphoneos*]" = UIStatusBarStyleDefault;
				"INFOPLIST_KEY_UIStatusBarStyle[sdk=iphonesimulator*]" = UIStatusBarStyleDefault;
				INFOPLIST_KEY_UISupportedInterfaceOrientations_iPad = "UIInterfaceOrientationPortrait UIInterfaceOrientationPortraitUpsideDown UIInterfaceOrientationLandscapeLeft UIInterfaceOrientationLandscapeRight";
				INFOPLIST_KEY_UISupportedInterfaceOrientations_iPhone = "UIInterfaceOrientationPortrait UIInterfaceOrientationLandscapeLeft UIInterfaceOrientationLandscapeRight";
				IPHONEOS_DEPLOYMENT_TARGET = 17.0;
				LD_RUNPATH_SEARCH_PATHS = "@executable_path/Frameworks";
				"LD_RUNPATH_SEARCH_PATHS[sdk=macosx*]" = "@executable_path/../Frameworks";
				MACOSX_DEPLOYMENT_TARGET = 14.0;
				MARKETING_VERSION = 1.0;
				PRODUCT_BUNDLE_IDENTIFIER = no.tonisucic.GameBoyEmu;
				PRODUCT_NAME = "$(TARGET_NAME)";
				SDKROOT = auto;
				SUPPORTED_PLATFORMS = "iphoneos iphonesimulator macosx";
				SWIFT_EMIT_LOC_STRINGS = YES;
				SWIFT_VERSION = 5.0;
				TARGETED_DEVICE_FAMILY = "1,2";
			};
			name = Release;
		};
/* End XCBuildConfiguration section */

/* Begin XCConfigurationList section */
		E2674EA12C281FA500EE0206 /* Build configuration list for PBXProject "GameBoyEmu" */ = {
			isa = XCConfigurationList;
			buildConfigurations = (
				E2674EB52C281FA600EE0206 /* Debug */,
				E2674EB62C281FA600EE0206 /* Release */,
			);
			defaultConfigurationIsVisible = 0;
			defaultConfigurationName = Release;
		};
		E2674EB72C281FA600EE0206 /* Build configuration list for PBXNativeTarget "GameBoyEmu" */ = {
			isa = XCConfigurationList;
			buildConfigurations = (
				E2674EB82C281FA600EE0206 /* Debug */,
				E2674EB92C281FA600EE0206 /* Release */,
			);
			defaultConfigurationIsVisible = 0;
			defaultConfigurationName = Release;
		};
/* End XCConfigurationList section */
	};
	rootObject = E2674E9E2C281FA500EE0206 /* Project object */;
}
